// !$*UTF8*$!
{
	archiveVersion = 1;
	classes = {
	};
	objectVersion = 46;
	objects = {

/* Begin PBXBuildFile section */
		A70B1CCE19CA64DA0024D5AF /* HGGSGroceryItemPictureViewController.m in Sources */ = {isa = PBXBuildFile; fileRef = A70B1CCD19CA64DA0024D5AF /* HGGSGroceryItemPictureViewController.m */; };
		A70E86EB1833223800222EFF /* HGGSSaveAisleConfigurationTest.m in Sources */ = {isa = PBXBuildFile; fileRef = A70E86EA1833223800222EFF /* HGGSSaveAisleConfigurationTest.m */; };
		A70E86EE183327F100222EFF /* HGGSLoadGrocerySectionTests.m in Sources */ = {isa = PBXBuildFile; fileRef = A70E86ED183327F100222EFF /* HGGSLoadGrocerySectionTests.m */; };
		A714858B1837B1280026BE5E /* HGGSGrocerySectionsViewController.m in Sources */ = {isa = PBXBuildFile; fileRef = A714858A1837B1280026BE5E /* HGGSGrocerySectionsViewController.m */; };
		A7244E3318B5A623007A3D12 /* HGGSStoreListManagementTests.m in Sources */ = {isa = PBXBuildFile; fileRef = A7244E3218B5A623007A3D12 /* HGGSStoreListManagementTests.m */; };
		A72F78F6195364DB0061E917 /* HGGSDate.m in Sources */ = {isa = PBXBuildFile; fileRef = A72F78E5195364DB0061E917 /* HGGSDate.m */; };
		A72F78F7195364DB0061E917 /* HGGSGroceryAisle.m in Sources */ = {isa = PBXBuildFile; fileRef = A72F78E7195364DB0061E917 /* HGGSGroceryAisle.m */; };
		A72F78F8195364DB0061E917 /* HGGSGroceryItem.m in Sources */ = {isa = PBXBuildFile; fileRef = A72F78E9195364DB0061E917 /* HGGSGroceryItem.m */; };
		A72F78F9195364DB0061E917 /* HGGSGrocerySection.m in Sources */ = {isa = PBXBuildFile; fileRef = A72F78EB195364DB0061E917 /* HGGSGrocerySection.m */; };
		A72F78FA195364DB0061E917 /* HGGSGroceryStore.m in Sources */ = {isa = PBXBuildFile; fileRef = A72F78ED195364DB0061E917 /* HGGSGroceryStore.m */; };
		A72F78FB195364DB0061E917 /* HGGSGroceryStoreManager.m in Sources */ = {isa = PBXBuildFile; fileRef = A72F78EF195364DB0061E917 /* HGGSGroceryStoreManager.m */; };
		A72F78FC195364DB0061E917 /* HGGSStoreAisles.m in Sources */ = {isa = PBXBuildFile; fileRef = A72F78F1195364DB0061E917 /* HGGSStoreAisles.m */; };
		A72F78FD195364DB0061E917 /* HGGSStoreItems.m in Sources */ = {isa = PBXBuildFile; fileRef = A72F78F3195364DB0061E917 /* HGGSStoreItems.m */; };
		A72F78FE195364DB0061E917 /* HGGSStoreList.m in Sources */ = {isa = PBXBuildFile; fileRef = A72F78F5195364DB0061E917 /* HGGSStoreList.m */; };
		A733B951187BA20F0064CEE9 /* HGGSBarCodeScannerViewController.m in Sources */ = {isa = PBXBuildFile; fileRef = A733B950187BA20F0064CEE9 /* HGGSBarCodeScannerViewController.m */; };
		A76809B418836E4C00B7E2F0 /* WebServiceErrorResponse.html in Resources */ = {isa = PBXBuildFile; fileRef = A76809B318836E4C00B7E2F0 /* WebServiceErrorResponse.html */; };
		A76809B7188385AB00B7E2F0 /* HGGSUPCServiceConsumer.m in Sources */ = {isa = PBXBuildFile; fileRef = A76809B6188385AB00B7E2F0 /* HGGSUPCServiceConsumer.m */; };
		A76809BA1883A0A600B7E2F0 /* HGGSUPCServiceConsumerTests.m in Sources */ = {isa = PBXBuildFile; fileRef = A76809B91883A0A600B7E2F0 /* HGGSUPCServiceConsumerTests.m */; };
		A793709119AAC1C500D93F9B /* HGGSCommon.m in Sources */ = {isa = PBXBuildFile; fileRef = A793709019AAC1C500D93F9B /* HGGSCommon.m */; };
		A793709A19AACA9600D93F9B /* Images.xcassets in Resources */ = {isa = PBXBuildFile; fileRef = A793709919AACA9600D93F9B /* Images.xcassets */; };
		A79A1E261856A5E3006E8557 /* HGGSLoadStoreListTests.m in Sources */ = {isa = PBXBuildFile; fileRef = A79A1E231856A5E3006E8557 /* HGGSLoadStoreListTests.m */; };
		A79A1E271856A5E3006E8557 /* HGGSSaveStoreListTests.m in Sources */ = {isa = PBXBuildFile; fileRef = A79A1E251856A5E3006E8557 /* HGGSSaveStoreListTests.m */; };
		A79CAC69188C841200CB3A88 /* HGGSSelectGrocerySectionViewController.m in Sources */ = {isa = PBXBuildFile; fileRef = A79CAC68188C841200CB3A88 /* HGGSSelectGrocerySectionViewController.m */; };
		A7AD910018581F4000785342 /* HGGSShoppingItemCell.m in Sources */ = {isa = PBXBuildFile; fileRef = A7AD90FF18581F4000785342 /* HGGSShoppingItemCell.m */; };
		A7AD91031858211100785342 /* HGGSShoppingListViewController.m in Sources */ = {isa = PBXBuildFile; fileRef = A7AD91021858211100785342 /* HGGSShoppingListViewController.m */; };
		A7B808D818935CC500404B39 /* checkbox-checked.png in Resources */ = {isa = PBXBuildFile; fileRef = A7B808D718935CC500404B39 /* checkbox-checked.png */; };
		A7B808DA18935CE300404B39 /* ic_launcher.png in Resources */ = {isa = PBXBuildFile; fileRef = A7B808D918935CE300404B39 /* ic_launcher.png */; };
		A7B808DC18935CF900404B39 /* checkbox-pressed.png in Resources */ = {isa = PBXBuildFile; fileRef = A7B808DB18935CF900404B39 /* checkbox-pressed.png */; };
		A7B808DE18935D0900404B39 /* checkbox.png in Resources */ = {isa = PBXBuildFile; fileRef = A7B808DD18935D0900404B39 /* checkbox.png */; };
		A7B808E018935D1600404B39 /* dropbox.png in Resources */ = {isa = PBXBuildFile; fileRef = A7B808DF18935D1600404B39 /* dropbox.png */; };
		A7B808E218935D2800404B39 /* edit aisles.png in Resources */ = {isa = PBXBuildFile; fileRef = A7B808E118935D2800404B39 /* edit aisles.png */; };
		A7B808E418935D3700404B39 /* ic_grocery_list.png in Resources */ = {isa = PBXBuildFile; fileRef = A7B808E318935D3700404B39 /* ic_grocery_list.png */; };
		A7C580BB182EE68A00866FAB /* Foundation.framework in Frameworks */ = {isa = PBXBuildFile; fileRef = A7C580BA182EE68A00866FAB /* Foundation.framework */; };
		A7C580BD182EE68A00866FAB /* CoreGraphics.framework in Frameworks */ = {isa = PBXBuildFile; fileRef = A7C580BC182EE68A00866FAB /* CoreGraphics.framework */; };
		A7C580BF182EE68A00866FAB /* UIKit.framework in Frameworks */ = {isa = PBXBuildFile; fileRef = A7C580BE182EE68A00866FAB /* UIKit.framework */; };
		A7C580C5182EE68A00866FAB /* InfoPlist.strings in Resources */ = {isa = PBXBuildFile; fileRef = A7C580C3182EE68A00866FAB /* InfoPlist.strings */; };
		A7C580C7182EE68A00866FAB /* main.m in Sources */ = {isa = PBXBuildFile; fileRef = A7C580C6182EE68A00866FAB /* main.m */; };
		A7C580CB182EE68B00866FAB /* HGGSAppDelegate.m in Sources */ = {isa = PBXBuildFile; fileRef = A7C580CA182EE68B00866FAB /* HGGSAppDelegate.m */; };
		A7C580CE182EE68B00866FAB /* Main.storyboard in Resources */ = {isa = PBXBuildFile; fileRef = A7C580CC182EE68B00866FAB /* Main.storyboard */; };
		A7C580DA182EE68B00866FAB /* XCTest.framework in Frameworks */ = {isa = PBXBuildFile; fileRef = A7C580D9182EE68B00866FAB /* XCTest.framework */; };
		A7C580DB182EE68B00866FAB /* Foundation.framework in Frameworks */ = {isa = PBXBuildFile; fileRef = A7C580BA182EE68A00866FAB /* Foundation.framework */; };
		A7C580DC182EE68B00866FAB /* UIKit.framework in Frameworks */ = {isa = PBXBuildFile; fileRef = A7C580BE182EE68A00866FAB /* UIKit.framework */; };
		A7C580E4182EE68B00866FAB /* InfoPlist.strings in Resources */ = {isa = PBXBuildFile; fileRef = A7C580E2182EE68B00866FAB /* InfoPlist.strings */; };
		A7C580E6182EE68B00866FAB /* HoneyGoGroceryShoppingTests.m in Sources */ = {isa = PBXBuildFile; fileRef = A7C580E5182EE68B00866FAB /* HoneyGoGroceryShoppingTests.m */; };
		A7C58105182EE74D00866FAB /* HGGSDbGroceryFilesStore.m in Sources */ = {isa = PBXBuildFile; fileRef = A7C58104182EE74D00866FAB /* HGGSDbGroceryFilesStore.m */; };
		A7C58107182EE76800866FAB /* QuartzCore.framework in Frameworks */ = {isa = PBXBuildFile; fileRef = A7C58106182EE76800866FAB /* QuartzCore.framework */; };
		A7C58109182EE77100866FAB /* SystemConfiguration.framework in Frameworks */ = {isa = PBXBuildFile; fileRef = A7C58108182EE77100866FAB /* SystemConfiguration.framework */; };
		A7C5810B182EE77900866FAB /* Security.framework in Frameworks */ = {isa = PBXBuildFile; fileRef = A7C5810A182EE77900866FAB /* Security.framework */; };
		A7C5810D182EE78200866FAB /* CFNetwork.framework in Frameworks */ = {isa = PBXBuildFile; fileRef = A7C5810C182EE78200866FAB /* CFNetwork.framework */; };
		A7C58111182EE7AC00866FAB /* libc++.dylib in Frameworks */ = {isa = PBXBuildFile; fileRef = A7C58110182EE7AC00866FAB /* libc++.dylib */; };
		A7C58142182EEEBA00866FAB /* HGGSLoadGroceryItemTests.m in Sources */ = {isa = PBXBuildFile; fileRef = A7C58133182EEEBA00866FAB /* HGGSLoadGroceryItemTests.m */; };
		A7C58143182EEEBA00866FAB /* HGGSSaveGroceryItemTests.m in Sources */ = {isa = PBXBuildFile; fileRef = A7C58135182EEEBA00866FAB /* HGGSSaveGroceryItemTests.m */; };
		A7C58144182EEEBA00866FAB /* HGGSGroceryStoreManagerTests.m in Sources */ = {isa = PBXBuildFile; fileRef = A7C58139182EEEBA00866FAB /* HGGSGroceryStoreManagerTests.m */; };
		A7C58145182EEEBA00866FAB /* HGGSLoadGroceryStoreTests.m in Sources */ = {isa = PBXBuildFile; fileRef = A7C5813C182EEEBA00866FAB /* HGGSLoadGroceryStoreTests.m */; };
		A7C58146182EEEBA00866FAB /* HGGSSaveGroceryStoreTests.m in Sources */ = {isa = PBXBuildFile; fileRef = A7C5813E182EEEBA00866FAB /* HGGSSaveGroceryStoreTests.m */; };
		A7C58147182EEEBA00866FAB /* HGGSDbGrocyeryStoreFilesTests.m in Sources */ = {isa = PBXBuildFile; fileRef = A7C58141182EEEBA00866FAB /* HGGSDbGrocyeryStoreFilesTests.m */; };
		A7C58148182EEFC300866FAB /* Dropbox.framework in Frameworks */ = {isa = PBXBuildFile; fileRef = A7C5810E182EE79400866FAB /* Dropbox.framework */; };
		A7C5814F182F196100866FAB /* HGGSMainViewController.m in Sources */ = {isa = PBXBuildFile; fileRef = A7C5814E182F196100866FAB /* HGGSMainViewController.m */; };
		A7C58152182F1F1300866FAB /* HGGSEditStoreViewController.m in Sources */ = {isa = PBXBuildFile; fileRef = A7C58151182F1F1300866FAB /* HGGSEditStoreViewController.m */; };
		A7C58155182F31E800866FAB /* HGGSMasterListViewController.m in Sources */ = {isa = PBXBuildFile; fileRef = A7C58154182F31E800866FAB /* HGGSMasterListViewController.m */; };
		A7D1D3751933C3CD0023F270 /* HGGSAlertSharedStoreFileUpdated.m in Sources */ = {isa = PBXBuildFile; fileRef = A7D1D3741933C3CD0023F270 /* HGGSAlertSharedStoreFileUpdated.m */; };
		A7D7AD1A1835BF99005C41F9 /* HGGSMasterItemCellView.m in Sources */ = {isa = PBXBuildFile; fileRef = A7D7AD181835BF99005C41F9 /* HGGSMasterItemCellView.m */; };
		A7DE6F72183F03C20098AE17 /* HGGSFindGrocerySectionsTests.m in Sources */ = {isa = PBXBuildFile; fileRef = A7DE6F71183F03C20098AE17 /* HGGSFindGrocerySectionsTests.m */; };
		A7DF0A331830531E00E1277A /* HGGSEditGroceryItemViewController.m in Sources */ = {isa = PBXBuildFile; fileRef = A7DF0A321830531E00E1277A /* HGGSEditGroceryItemViewController.m */; };
		A7DF0A361830876200E1277A /* HGGSSynchronizeDropboxFilesViewController.m in Sources */ = {isa = PBXBuildFile; fileRef = A7DF0A351830876200E1277A /* HGGSSynchronizeDropboxFilesViewController.m */; };
		A7E2454818C38A9A00B4C5B9 /* HGGSNewGrocerySectionViewController.m in Sources */ = {isa = PBXBuildFile; fileRef = A7E2454718C38A9A00B4C5B9 /* HGGSNewGrocerySectionViewController.m */; };
		A7E2454B18C38D9700B4C5B9 /* HGGSAisleHeaderCellView.m in Sources */ = {isa = PBXBuildFile; fileRef = A7E2454A18C38D9700B4C5B9 /* HGGSAisleHeaderCellView.m */; };
		A7EB1D43184D761700198EC6 /* HGGSEditShoppingListViewController.m in Sources */ = {isa = PBXBuildFile; fileRef = A7EB1D42184D761700198EC6 /* HGGSEditShoppingListViewController.m */; };
		A7EB1D46184D839300198EC6 /* HGGSShoppingItemCellView.m in Sources */ = {isa = PBXBuildFile; fileRef = A7EB1D45184D839300198EC6 /* HGGSShoppingItemCellView.m */; };
/* End PBXBuildFile section */

/* Begin PBXContainerItemProxy section */
		A7C580DD182EE68B00866FAB /* PBXContainerItemProxy */ = {
			isa = PBXContainerItemProxy;
			containerPortal = A7C580AF182EE68A00866FAB /* Project object */;
			proxyType = 1;
			remoteGlobalIDString = A7C580B6182EE68A00866FAB;
			remoteInfo = HoneyGoGroceryShopping;
		};
/* End PBXContainerItemProxy section */

/* Begin PBXFileReference section */
		A70B1CCC19CA64DA0024D5AF /* HGGSGroceryItemPictureViewController.h */ = {isa = PBXFileReference; fileEncoding = 4; lastKnownFileType = sourcecode.c.h; path = HGGSGroceryItemPictureViewController.h; sourceTree = "<group>"; };
		A70B1CCD19CA64DA0024D5AF /* HGGSGroceryItemPictureViewController.m */ = {isa = PBXFileReference; fileEncoding = 4; lastKnownFileType = sourcecode.c.objc; path = HGGSGroceryItemPictureViewController.m; sourceTree = "<group>"; };
		A70E86E91833223800222EFF /* HGGSSaveAisleConfigurationTest.h */ = {isa = PBXFileReference; fileEncoding = 4; lastKnownFileType = sourcecode.c.h; path = HGGSSaveAisleConfigurationTest.h; sourceTree = "<group>"; };
		A70E86EA1833223800222EFF /* HGGSSaveAisleConfigurationTest.m */ = {isa = PBXFileReference; fileEncoding = 4; lastKnownFileType = sourcecode.c.objc; path = HGGSSaveAisleConfigurationTest.m; sourceTree = "<group>"; };
		A70E86EC183327F100222EFF /* HGGSLoadGrocerySectionTests.h */ = {isa = PBXFileReference; fileEncoding = 4; lastKnownFileType = sourcecode.c.h; path = HGGSLoadGrocerySectionTests.h; sourceTree = "<group>"; };
		A70E86ED183327F100222EFF /* HGGSLoadGrocerySectionTests.m */ = {isa = PBXFileReference; fileEncoding = 4; lastKnownFileType = sourcecode.c.objc; path = HGGSLoadGrocerySectionTests.m; sourceTree = "<group>"; };
		A71485891837B1280026BE5E /* HGGSGrocerySectionsViewController.h */ = {isa = PBXFileReference; fileEncoding = 4; lastKnownFileType = sourcecode.c.h; path = HGGSGrocerySectionsViewController.h; sourceTree = "<group>"; };
		A714858A1837B1280026BE5E /* HGGSGrocerySectionsViewController.m */ = {isa = PBXFileReference; fileEncoding = 4; lastKnownFileType = sourcecode.c.objc; path = HGGSGrocerySectionsViewController.m; sourceTree = "<group>"; };
		A7244E3118B5A623007A3D12 /* HGGSStoreListManagementTests.h */ = {isa = PBXFileReference; fileEncoding = 4; lastKnownFileType = sourcecode.c.h; path = HGGSStoreListManagementTests.h; sourceTree = "<group>"; };
		A7244E3218B5A623007A3D12 /* HGGSStoreListManagementTests.m */ = {isa = PBXFileReference; fileEncoding = 4; lastKnownFileType = sourcecode.c.objc; path = HGGSStoreListManagementTests.m; sourceTree = "<group>"; };
		A72F78E4195364DB0061E917 /* HGGSDate.h */ = {isa = PBXFileReference; fileEncoding = 4; lastKnownFileType = sourcecode.c.h; path = HGGSDate.h; sourceTree = "<group>"; };
		A72F78E5195364DB0061E917 /* HGGSDate.m */ = {isa = PBXFileReference; fileEncoding = 4; lastKnownFileType = sourcecode.c.objc; path = HGGSDate.m; sourceTree = "<group>"; };
		A72F78E6195364DB0061E917 /* HGGSGroceryAisle.h */ = {isa = PBXFileReference; fileEncoding = 4; lastKnownFileType = sourcecode.c.h; path = HGGSGroceryAisle.h; sourceTree = "<group>"; };
		A72F78E7195364DB0061E917 /* HGGSGroceryAisle.m */ = {isa = PBXFileReference; fileEncoding = 4; lastKnownFileType = sourcecode.c.objc; path = HGGSGroceryAisle.m; sourceTree = "<group>"; };
		A72F78E8195364DB0061E917 /* HGGSGroceryItem.h */ = {isa = PBXFileReference; fileEncoding = 4; lastKnownFileType = sourcecode.c.h; path = HGGSGroceryItem.h; sourceTree = "<group>"; };
		A72F78E9195364DB0061E917 /* HGGSGroceryItem.m */ = {isa = PBXFileReference; fileEncoding = 4; lastKnownFileType = sourcecode.c.objc; path = HGGSGroceryItem.m; sourceTree = "<group>"; };
		A72F78EA195364DB0061E917 /* HGGSGrocerySection.h */ = {isa = PBXFileReference; fileEncoding = 4; lastKnownFileType = sourcecode.c.h; path = HGGSGrocerySection.h; sourceTree = "<group>"; };
		A72F78EB195364DB0061E917 /* HGGSGrocerySection.m */ = {isa = PBXFileReference; fileEncoding = 4; lastKnownFileType = sourcecode.c.objc; path = HGGSGrocerySection.m; sourceTree = "<group>"; };
		A72F78EC195364DB0061E917 /* HGGSGroceryStore.h */ = {isa = PBXFileReference; fileEncoding = 4; lastKnownFileType = sourcecode.c.h; path = HGGSGroceryStore.h; sourceTree = "<group>"; };
		A72F78ED195364DB0061E917 /* HGGSGroceryStore.m */ = {isa = PBXFileReference; fileEncoding = 4; lastKnownFileType = sourcecode.c.objc; path = HGGSGroceryStore.m; sourceTree = "<group>"; };
		A72F78EE195364DB0061E917 /* HGGSGroceryStoreManager.h */ = {isa = PBXFileReference; fileEncoding = 4; lastKnownFileType = sourcecode.c.h; path = HGGSGroceryStoreManager.h; sourceTree = "<group>"; };
		A72F78EF195364DB0061E917 /* HGGSGroceryStoreManager.m */ = {isa = PBXFileReference; fileEncoding = 4; lastKnownFileType = sourcecode.c.objc; path = HGGSGroceryStoreManager.m; sourceTree = "<group>"; };
		A72F78F0195364DB0061E917 /* HGGSStoreAisles.h */ = {isa = PBXFileReference; fileEncoding = 4; lastKnownFileType = sourcecode.c.h; path = HGGSStoreAisles.h; sourceTree = "<group>"; };
		A72F78F1195364DB0061E917 /* HGGSStoreAisles.m */ = {isa = PBXFileReference; fileEncoding = 4; lastKnownFileType = sourcecode.c.objc; path = HGGSStoreAisles.m; sourceTree = "<group>"; };
		A72F78F2195364DB0061E917 /* HGGSStoreItems.h */ = {isa = PBXFileReference; fileEncoding = 4; lastKnownFileType = sourcecode.c.h; path = HGGSStoreItems.h; sourceTree = "<group>"; };
		A72F78F3195364DB0061E917 /* HGGSStoreItems.m */ = {isa = PBXFileReference; fileEncoding = 4; lastKnownFileType = sourcecode.c.objc; path = HGGSStoreItems.m; sourceTree = "<group>"; };
		A72F78F4195364DB0061E917 /* HGGSStoreList.h */ = {isa = PBXFileReference; fileEncoding = 4; lastKnownFileType = sourcecode.c.h; path = HGGSStoreList.h; sourceTree = "<group>"; };
		A72F78F5195364DB0061E917 /* HGGSStoreList.m */ = {isa = PBXFileReference; fileEncoding = 4; lastKnownFileType = sourcecode.c.objc; path = HGGSStoreList.m; sourceTree = "<group>"; };
		A733B94F187BA20F0064CEE9 /* HGGSBarCodeScannerViewController.h */ = {isa = PBXFileReference; fileEncoding = 4; lastKnownFileType = sourcecode.c.h; path = HGGSBarCodeScannerViewController.h; sourceTree = "<group>"; };
		A733B950187BA20F0064CEE9 /* HGGSBarCodeScannerViewController.m */ = {isa = PBXFileReference; fileEncoding = 4; lastKnownFileType = sourcecode.c.objc; path = HGGSBarCodeScannerViewController.m; sourceTree = "<group>"; };
		A76809B318836E4C00B7E2F0 /* WebServiceErrorResponse.html */ = {isa = PBXFileReference; fileEncoding = 4; lastKnownFileType = text.html; path = WebServiceErrorResponse.html; sourceTree = "<group>"; };
		A76809B5188385AB00B7E2F0 /* HGGSUPCServiceConsumer.h */ = {isa = PBXFileReference; fileEncoding = 4; lastKnownFileType = sourcecode.c.h; path = HGGSUPCServiceConsumer.h; sourceTree = "<group>"; };
		A76809B6188385AB00B7E2F0 /* HGGSUPCServiceConsumer.m */ = {isa = PBXFileReference; fileEncoding = 4; lastKnownFileType = sourcecode.c.objc; path = HGGSUPCServiceConsumer.m; sourceTree = "<group>"; };
		A76809B81883A0A600B7E2F0 /* HGGSUPCServiceConsumerTests.h */ = {isa = PBXFileReference; fileEncoding = 4; lastKnownFileType = sourcecode.c.h; path = HGGSUPCServiceConsumerTests.h; sourceTree = "<group>"; };
		A76809B91883A0A600B7E2F0 /* HGGSUPCServiceConsumerTests.m */ = {isa = PBXFileReference; fileEncoding = 4; lastKnownFileType = sourcecode.c.objc; path = HGGSUPCServiceConsumerTests.m; sourceTree = "<group>"; };
		A793709019AAC1C500D93F9B /* HGGSCommon.m */ = {isa = PBXFileReference; fileEncoding = 4; lastKnownFileType = sourcecode.c.objc; path = HGGSCommon.m; sourceTree = "<group>"; };
		A793709919AACA9600D93F9B /* Images.xcassets */ = {isa = PBXFileReference; lastKnownFileType = folder.assetcatalog; path = Images.xcassets; sourceTree = "<group>"; };
		A79A1E221856A5E3006E8557 /* HGGSLoadStoreListTests.h */ = {isa = PBXFileReference; fileEncoding = 4; lastKnownFileType = sourcecode.c.h; path = HGGSLoadStoreListTests.h; sourceTree = "<group>"; };
		A79A1E231856A5E3006E8557 /* HGGSLoadStoreListTests.m */ = {isa = PBXFileReference; fileEncoding = 4; lastKnownFileType = sourcecode.c.objc; path = HGGSLoadStoreListTests.m; sourceTree = "<group>"; };
		A79A1E241856A5E3006E8557 /* HGGSSaveStoreListTests.h */ = {isa = PBXFileReference; fileEncoding = 4; lastKnownFileType = sourcecode.c.h; path = HGGSSaveStoreListTests.h; sourceTree = "<group>"; };
		A79A1E251856A5E3006E8557 /* HGGSSaveStoreListTests.m */ = {isa = PBXFileReference; fileEncoding = 4; lastKnownFileType = sourcecode.c.objc; path = HGGSSaveStoreListTests.m; sourceTree = "<group>"; };
		A79CAC67188C841200CB3A88 /* HGGSSelectGrocerySectionViewController.h */ = {isa = PBXFileReference; fileEncoding = 4; lastKnownFileType = sourcecode.c.h; path = HGGSSelectGrocerySectionViewController.h; sourceTree = "<group>"; };
		A79CAC68188C841200CB3A88 /* HGGSSelectGrocerySectionViewController.m */ = {isa = PBXFileReference; fileEncoding = 4; lastKnownFileType = sourcecode.c.objc; path = HGGSSelectGrocerySectionViewController.m; sourceTree = "<group>"; };
		A7AD90FE18581F4000785342 /* HGGSShoppingItemCell.h */ = {isa = PBXFileReference; fileEncoding = 4; lastKnownFileType = sourcecode.c.h; path = HGGSShoppingItemCell.h; sourceTree = "<group>"; };
		A7AD90FF18581F4000785342 /* HGGSShoppingItemCell.m */ = {isa = PBXFileReference; fileEncoding = 4; lastKnownFileType = sourcecode.c.objc; path = HGGSShoppingItemCell.m; sourceTree = "<group>"; };
		A7AD91011858211100785342 /* HGGSShoppingListViewController.h */ = {isa = PBXFileReference; fileEncoding = 4; lastKnownFileType = sourcecode.c.h; path = HGGSShoppingListViewController.h; sourceTree = "<group>"; };
		A7AD91021858211100785342 /* HGGSShoppingListViewController.m */ = {isa = PBXFileReference; fileEncoding = 4; lastKnownFileType = sourcecode.c.objc; path = HGGSShoppingListViewController.m; sourceTree = "<group>"; };
		A7B5A4E31836F1B4006E5822 /* HGGSCommon.h */ = {isa = PBXFileReference; fileEncoding = 4; lastKnownFileType = sourcecode.c.h; path = HGGSCommon.h; sourceTree = "<group>"; };
		A7B808D718935CC500404B39 /* checkbox-checked.png */ = {isa = PBXFileReference; lastKnownFileType = image.png; path = "checkbox-checked.png"; sourceTree = "<group>"; };
		A7B808D918935CE300404B39 /* ic_launcher.png */ = {isa = PBXFileReference; lastKnownFileType = image.png; path = ic_launcher.png; sourceTree = "<group>"; };
		A7B808DB18935CF900404B39 /* checkbox-pressed.png */ = {isa = PBXFileReference; lastKnownFileType = image.png; path = "checkbox-pressed.png"; sourceTree = "<group>"; };
		A7B808DD18935D0900404B39 /* checkbox.png */ = {isa = PBXFileReference; lastKnownFileType = image.png; path = checkbox.png; sourceTree = "<group>"; };
		A7B808DF18935D1600404B39 /* dropbox.png */ = {isa = PBXFileReference; lastKnownFileType = image.png; path = dropbox.png; sourceTree = "<group>"; };
		A7B808E118935D2800404B39 /* edit aisles.png */ = {isa = PBXFileReference; lastKnownFileType = image.png; path = "edit aisles.png"; sourceTree = "<group>"; };
		A7B808E318935D3700404B39 /* ic_grocery_list.png */ = {isa = PBXFileReference; lastKnownFileType = image.png; path = ic_grocery_list.png; sourceTree = "<group>"; };
		A7C580B7182EE68A00866FAB /* HoneyGoGroceryShopping.app */ = {isa = PBXFileReference; explicitFileType = wrapper.application; includeInIndex = 0; path = HoneyGoGroceryShopping.app; sourceTree = BUILT_PRODUCTS_DIR; };
		A7C580BA182EE68A00866FAB /* Foundation.framework */ = {isa = PBXFileReference; lastKnownFileType = wrapper.framework; name = Foundation.framework; path = System/Library/Frameworks/Foundation.framework; sourceTree = SDKROOT; };
		A7C580BC182EE68A00866FAB /* CoreGraphics.framework */ = {isa = PBXFileReference; lastKnownFileType = wrapper.framework; name = CoreGraphics.framework; path = System/Library/Frameworks/CoreGraphics.framework; sourceTree = SDKROOT; };
		A7C580BE182EE68A00866FAB /* UIKit.framework */ = {isa = PBXFileReference; lastKnownFileType = wrapper.framework; name = UIKit.framework; path = System/Library/Frameworks/UIKit.framework; sourceTree = SDKROOT; };
		A7C580C2182EE68A00866FAB /* HoneyGoGroceryShopping-Info.plist */ = {isa = PBXFileReference; lastKnownFileType = text.plist.xml; path = "HoneyGoGroceryShopping-Info.plist"; sourceTree = "<group>"; };
		A7C580C4182EE68A00866FAB /* en */ = {isa = PBXFileReference; lastKnownFileType = text.plist.strings; name = en; path = en.lproj/InfoPlist.strings; sourceTree = "<group>"; };
		A7C580C6182EE68A00866FAB /* main.m */ = {isa = PBXFileReference; lastKnownFileType = sourcecode.c.objc; path = main.m; sourceTree = "<group>"; };
		A7C580C8182EE68A00866FAB /* HoneyGoGroceryShopping-Prefix.pch */ = {isa = PBXFileReference; lastKnownFileType = sourcecode.c.h; path = "HoneyGoGroceryShopping-Prefix.pch"; sourceTree = "<group>"; };
		A7C580C9182EE68A00866FAB /* HGGSAppDelegate.h */ = {isa = PBXFileReference; lastKnownFileType = sourcecode.c.h; path = HGGSAppDelegate.h; sourceTree = "<group>"; };
		A7C580CA182EE68B00866FAB /* HGGSAppDelegate.m */ = {isa = PBXFileReference; lastKnownFileType = sourcecode.c.objc; path = HGGSAppDelegate.m; sourceTree = "<group>"; };
		A7C580CD182EE68B00866FAB /* Base */ = {isa = PBXFileReference; lastKnownFileType = file.storyboard; name = Base; path = Base.lproj/Main.storyboard; sourceTree = "<group>"; };
		A7C580D8182EE68B00866FAB /* HoneyGoGroceryShoppingTests.xctest */ = {isa = PBXFileReference; explicitFileType = wrapper.cfbundle; includeInIndex = 0; path = HoneyGoGroceryShoppingTests.xctest; sourceTree = BUILT_PRODUCTS_DIR; };
		A7C580D9182EE68B00866FAB /* XCTest.framework */ = {isa = PBXFileReference; lastKnownFileType = wrapper.framework; name = XCTest.framework; path = Library/Frameworks/XCTest.framework; sourceTree = DEVELOPER_DIR; };
		A7C580E1182EE68B00866FAB /* HoneyGoGroceryShoppingTests-Info.plist */ = {isa = PBXFileReference; lastKnownFileType = text.plist.xml; path = "HoneyGoGroceryShoppingTests-Info.plist"; sourceTree = "<group>"; };
		A7C580E3182EE68B00866FAB /* en */ = {isa = PBXFileReference; lastKnownFileType = text.plist.strings; name = en; path = en.lproj/InfoPlist.strings; sourceTree = "<group>"; };
		A7C580E5182EE68B00866FAB /* HoneyGoGroceryShoppingTests.m */ = {isa = PBXFileReference; lastKnownFileType = sourcecode.c.objc; path = HoneyGoGroceryShoppingTests.m; sourceTree = "<group>"; };
		A7C58103182EE74D00866FAB /* HGGSDbGroceryFilesStore.h */ = {isa = PBXFileReference; fileEncoding = 4; lastKnownFileType = sourcecode.c.h; path = HGGSDbGroceryFilesStore.h; sourceTree = "<group>"; };
		A7C58104182EE74D00866FAB /* HGGSDbGroceryFilesStore.m */ = {isa = PBXFileReference; fileEncoding = 4; lastKnownFileType = sourcecode.c.objc; path = HGGSDbGroceryFilesStore.m; sourceTree = "<group>"; };
		A7C58106182EE76800866FAB /* QuartzCore.framework */ = {isa = PBXFileReference; lastKnownFileType = wrapper.framework; name = QuartzCore.framework; path = System/Library/Frameworks/QuartzCore.framework; sourceTree = SDKROOT; };
		A7C58108182EE77100866FAB /* SystemConfiguration.framework */ = {isa = PBXFileReference; lastKnownFileType = wrapper.framework; name = SystemConfiguration.framework; path = System/Library/Frameworks/SystemConfiguration.framework; sourceTree = SDKROOT; };
		A7C5810A182EE77900866FAB /* Security.framework */ = {isa = PBXFileReference; lastKnownFileType = wrapper.framework; name = Security.framework; path = System/Library/Frameworks/Security.framework; sourceTree = SDKROOT; };
		A7C5810C182EE78200866FAB /* CFNetwork.framework */ = {isa = PBXFileReference; lastKnownFileType = wrapper.framework; name = CFNetwork.framework; path = System/Library/Frameworks/CFNetwork.framework; sourceTree = SDKROOT; };
		A7C5810E182EE79400866FAB /* Dropbox.framework */ = {isa = PBXFileReference; lastKnownFileType = wrapper.framework; name = Dropbox.framework; path = "../3rdParty/dropbox-ios-sync-sdk-2.0.1 2/Dropbox.framework"; sourceTree = "<group>"; };
		A7C58110182EE7AC00866FAB /* libc++.dylib */ = {isa = PBXFileReference; lastKnownFileType = "compiled.mach-o.dylib"; name = "libc++.dylib"; path = "usr/lib/libc++.dylib"; sourceTree = SDKROOT; };
		A7C58132182EEEBA00866FAB /* HGGSLoadGroceryItemTests.h */ = {isa = PBXFileReference; fileEncoding = 4; lastKnownFileType = sourcecode.c.h; path = HGGSLoadGroceryItemTests.h; sourceTree = "<group>"; };
		A7C58133182EEEBA00866FAB /* HGGSLoadGroceryItemTests.m */ = {isa = PBXFileReference; fileEncoding = 4; lastKnownFileType = sourcecode.c.objc; path = HGGSLoadGroceryItemTests.m; sourceTree = "<group>"; };
		A7C58134182EEEBA00866FAB /* HGGSSaveGroceryItemTests.h */ = {isa = PBXFileReference; fileEncoding = 4; lastKnownFileType = sourcecode.c.h; path = HGGSSaveGroceryItemTests.h; sourceTree = "<group>"; };
		A7C58135182EEEBA00866FAB /* HGGSSaveGroceryItemTests.m */ = {isa = PBXFileReference; fileEncoding = 4; lastKnownFileType = sourcecode.c.objc; path = HGGSSaveGroceryItemTests.m; sourceTree = "<group>"; };
		A7C58138182EEEBA00866FAB /* HGGSGroceryStoreManagerTests.h */ = {isa = PBXFileReference; fileEncoding = 4; lastKnownFileType = sourcecode.c.h; path = HGGSGroceryStoreManagerTests.h; sourceTree = "<group>"; };
		A7C58139182EEEBA00866FAB /* HGGSGroceryStoreManagerTests.m */ = {isa = PBXFileReference; fileEncoding = 4; lastKnownFileType = sourcecode.c.objc; path = HGGSGroceryStoreManagerTests.m; sourceTree = "<group>"; };
		A7C5813B182EEEBA00866FAB /* HGGSLoadGroceryStoreTests.h */ = {isa = PBXFileReference; fileEncoding = 4; lastKnownFileType = sourcecode.c.h; path = HGGSLoadGroceryStoreTests.h; sourceTree = "<group>"; };
		A7C5813C182EEEBA00866FAB /* HGGSLoadGroceryStoreTests.m */ = {isa = PBXFileReference; fileEncoding = 4; lastKnownFileType = sourcecode.c.objc; path = HGGSLoadGroceryStoreTests.m; sourceTree = "<group>"; };
		A7C5813D182EEEBA00866FAB /* HGGSSaveGroceryStoreTests.h */ = {isa = PBXFileReference; fileEncoding = 4; lastKnownFileType = sourcecode.c.h; path = HGGSSaveGroceryStoreTests.h; sourceTree = "<group>"; };
		A7C5813E182EEEBA00866FAB /* HGGSSaveGroceryStoreTests.m */ = {isa = PBXFileReference; fileEncoding = 4; lastKnownFileType = sourcecode.c.objc; path = HGGSSaveGroceryStoreTests.m; sourceTree = "<group>"; };
		A7C58140182EEEBA00866FAB /* HGGSDbGrocyeryStoreFilesTests.h */ = {isa = PBXFileReference; fileEncoding = 4; lastKnownFileType = sourcecode.c.h; path = HGGSDbGrocyeryStoreFilesTests.h; sourceTree = "<group>"; };
		A7C58141182EEEBA00866FAB /* HGGSDbGrocyeryStoreFilesTests.m */ = {isa = PBXFileReference; fileEncoding = 4; lastKnownFileType = sourcecode.c.objc; path = HGGSDbGrocyeryStoreFilesTests.m; sourceTree = "<group>"; };
		A7C5814D182F196100866FAB /* HGGSMainViewController.h */ = {isa = PBXFileReference; fileEncoding = 4; lastKnownFileType = sourcecode.c.h; path = HGGSMainViewController.h; sourceTree = "<group>"; };
		A7C5814E182F196100866FAB /* HGGSMainViewController.m */ = {isa = PBXFileReference; fileEncoding = 4; lastKnownFileType = sourcecode.c.objc; path = HGGSMainViewController.m; sourceTree = "<group>"; };
		A7C58150182F1F1300866FAB /* HGGSEditStoreViewController.h */ = {isa = PBXFileReference; fileEncoding = 4; lastKnownFileType = sourcecode.c.h; path = HGGSEditStoreViewController.h; sourceTree = "<group>"; };
		A7C58151182F1F1300866FAB /* HGGSEditStoreViewController.m */ = {isa = PBXFileReference; fileEncoding = 4; lastKnownFileType = sourcecode.c.objc; path = HGGSEditStoreViewController.m; sourceTree = "<group>"; };
		A7C58153182F31E800866FAB /* HGGSMasterListViewController.h */ = {isa = PBXFileReference; fileEncoding = 4; lastKnownFileType = sourcecode.c.h; path = HGGSMasterListViewController.h; sourceTree = "<group>"; };
		A7C58154182F31E800866FAB /* HGGSMasterListViewController.m */ = {isa = PBXFileReference; fileEncoding = 4; lastKnownFileType = sourcecode.c.objc; path = HGGSMasterListViewController.m; sourceTree = "<group>"; };
		A7D1D3731933C3CD0023F270 /* HGGSAlertSharedStoreFileUpdated.h */ = {isa = PBXFileReference; fileEncoding = 4; lastKnownFileType = sourcecode.c.h; path = HGGSAlertSharedStoreFileUpdated.h; sourceTree = "<group>"; };
		A7D1D3741933C3CD0023F270 /* HGGSAlertSharedStoreFileUpdated.m */ = {isa = PBXFileReference; fileEncoding = 4; lastKnownFileType = sourcecode.c.objc; path = HGGSAlertSharedStoreFileUpdated.m; sourceTree = "<group>"; };
		A7D7AD171835BF99005C41F9 /* HGGSMasterItemCellView.h */ = {isa = PBXFileReference; fileEncoding = 4; lastKnownFileType = sourcecode.c.h; path = HGGSMasterItemCellView.h; sourceTree = "<group>"; };
		A7D7AD181835BF99005C41F9 /* HGGSMasterItemCellView.m */ = {isa = PBXFileReference; fileEncoding = 4; lastKnownFileType = sourcecode.c.objc; path = HGGSMasterItemCellView.m; sourceTree = "<group>"; };
		A7DE6F70183F03C20098AE17 /* HGGSFindGrocerySectionsTests.h */ = {isa = PBXFileReference; fileEncoding = 4; lastKnownFileType = sourcecode.c.h; path = HGGSFindGrocerySectionsTests.h; sourceTree = "<group>"; };
		A7DE6F71183F03C20098AE17 /* HGGSFindGrocerySectionsTests.m */ = {isa = PBXFileReference; fileEncoding = 4; lastKnownFileType = sourcecode.c.objc; path = HGGSFindGrocerySectionsTests.m; sourceTree = "<group>"; };
		A7DF0A311830531E00E1277A /* HGGSEditGroceryItemViewController.h */ = {isa = PBXFileReference; fileEncoding = 4; lastKnownFileType = sourcecode.c.h; path = HGGSEditGroceryItemViewController.h; sourceTree = "<group>"; };
		A7DF0A321830531E00E1277A /* HGGSEditGroceryItemViewController.m */ = {isa = PBXFileReference; fileEncoding = 4; lastKnownFileType = sourcecode.c.objc; path = HGGSEditGroceryItemViewController.m; sourceTree = "<group>"; };
		A7DF0A341830876200E1277A /* HGGSSynchronizeDropboxFilesViewController.h */ = {isa = PBXFileReference; fileEncoding = 4; lastKnownFileType = sourcecode.c.h; path = HGGSSynchronizeDropboxFilesViewController.h; sourceTree = "<group>"; };
		A7DF0A351830876200E1277A /* HGGSSynchronizeDropboxFilesViewController.m */ = {isa = PBXFileReference; fileEncoding = 4; lastKnownFileType = sourcecode.c.objc; path = HGGSSynchronizeDropboxFilesViewController.m; sourceTree = "<group>"; };
		A7E2454618C38A9A00B4C5B9 /* HGGSNewGrocerySectionViewController.h */ = {isa = PBXFileReference; fileEncoding = 4; lastKnownFileType = sourcecode.c.h; path = HGGSNewGrocerySectionViewController.h; sourceTree = "<group>"; };
		A7E2454718C38A9A00B4C5B9 /* HGGSNewGrocerySectionViewController.m */ = {isa = PBXFileReference; fileEncoding = 4; lastKnownFileType = sourcecode.c.objc; path = HGGSNewGrocerySectionViewController.m; sourceTree = "<group>"; };
		A7E2454918C38D9700B4C5B9 /* HGGSAisleHeaderCellView.h */ = {isa = PBXFileReference; fileEncoding = 4; lastKnownFileType = sourcecode.c.h; path = HGGSAisleHeaderCellView.h; sourceTree = "<group>"; };
		A7E2454A18C38D9700B4C5B9 /* HGGSAisleHeaderCellView.m */ = {isa = PBXFileReference; fileEncoding = 4; lastKnownFileType = sourcecode.c.objc; path = HGGSAisleHeaderCellView.m; sourceTree = "<group>"; };
		A7EB1D41184D761700198EC6 /* HGGSEditShoppingListViewController.h */ = {isa = PBXFileReference; fileEncoding = 4; lastKnownFileType = sourcecode.c.h; path = HGGSEditShoppingListViewController.h; sourceTree = "<group>"; };
		A7EB1D42184D761700198EC6 /* HGGSEditShoppingListViewController.m */ = {isa = PBXFileReference; fileEncoding = 4; lastKnownFileType = sourcecode.c.objc; path = HGGSEditShoppingListViewController.m; sourceTree = "<group>"; };
		A7EB1D44184D839300198EC6 /* HGGSShoppingItemCellView.h */ = {isa = PBXFileReference; fileEncoding = 4; lastKnownFileType = sourcecode.c.h; path = HGGSShoppingItemCellView.h; sourceTree = "<group>"; };
		A7EB1D45184D839300198EC6 /* HGGSShoppingItemCellView.m */ = {isa = PBXFileReference; fileEncoding = 4; lastKnownFileType = sourcecode.c.objc; path = HGGSShoppingItemCellView.m; sourceTree = "<group>"; };
/* End PBXFileReference section */

/* Begin PBXFrameworksBuildPhase section */
		A7C580B4182EE68A00866FAB /* Frameworks */ = {
			isa = PBXFrameworksBuildPhase;
			buildActionMask = 2147483647;
			files = (
				A7C58148182EEFC300866FAB /* Dropbox.framework in Frameworks */,
				A7C58111182EE7AC00866FAB /* libc++.dylib in Frameworks */,
				A7C5810D182EE78200866FAB /* CFNetwork.framework in Frameworks */,
				A7C5810B182EE77900866FAB /* Security.framework in Frameworks */,
				A7C58109182EE77100866FAB /* SystemConfiguration.framework in Frameworks */,
				A7C58107182EE76800866FAB /* QuartzCore.framework in Frameworks */,
				A7C580BD182EE68A00866FAB /* CoreGraphics.framework in Frameworks */,
				A7C580BF182EE68A00866FAB /* UIKit.framework in Frameworks */,
				A7C580BB182EE68A00866FAB /* Foundation.framework in Frameworks */,
			);
			runOnlyForDeploymentPostprocessing = 0;
		};
		A7C580D5182EE68B00866FAB /* Frameworks */ = {
			isa = PBXFrameworksBuildPhase;
			buildActionMask = 2147483647;
			files = (
				A7C580DA182EE68B00866FAB /* XCTest.framework in Frameworks */,
				A7C580DC182EE68B00866FAB /* UIKit.framework in Frameworks */,
				A7C580DB182EE68B00866FAB /* Foundation.framework in Frameworks */,
			);
			runOnlyForDeploymentPostprocessing = 0;
		};
/* End PBXFrameworksBuildPhase section */

/* Begin PBXGroup section */
		A72F78E3195364DB0061E917 /* Model */ = {
			isa = PBXGroup;
			children = (
				A72F78E4195364DB0061E917 /* HGGSDate.h */,
				A72F78E5195364DB0061E917 /* HGGSDate.m */,
				A72F78E6195364DB0061E917 /* HGGSGroceryAisle.h */,
				A72F78E7195364DB0061E917 /* HGGSGroceryAisle.m */,
				A72F78E8195364DB0061E917 /* HGGSGroceryItem.h */,
				A72F78E9195364DB0061E917 /* HGGSGroceryItem.m */,
				A72F78EA195364DB0061E917 /* HGGSGrocerySection.h */,
				A72F78EB195364DB0061E917 /* HGGSGrocerySection.m */,
				A72F78EC195364DB0061E917 /* HGGSGroceryStore.h */,
				A72F78ED195364DB0061E917 /* HGGSGroceryStore.m */,
				A72F78EE195364DB0061E917 /* HGGSGroceryStoreManager.h */,
				A72F78EF195364DB0061E917 /* HGGSGroceryStoreManager.m */,
				A72F78F0195364DB0061E917 /* HGGSStoreAisles.h */,
				A72F78F1195364DB0061E917 /* HGGSStoreAisles.m */,
				A72F78F2195364DB0061E917 /* HGGSStoreItems.h */,
				A72F78F3195364DB0061E917 /* HGGSStoreItems.m */,
				A72F78F4195364DB0061E917 /* HGGSStoreList.h */,
				A72F78F5195364DB0061E917 /* HGGSStoreList.m */,
			);
			path = Model;
			sourceTree = "<group>";
		};
		A79A1E211856A5E3006E8557 /* HGGSStoreListTests */ = {
			isa = PBXGroup;
			children = (
				A79A1E221856A5E3006E8557 /* HGGSLoadStoreListTests.h */,
				A79A1E231856A5E3006E8557 /* HGGSLoadStoreListTests.m */,
				A79A1E241856A5E3006E8557 /* HGGSSaveStoreListTests.h */,
				A79A1E251856A5E3006E8557 /* HGGSSaveStoreListTests.m */,
				A7244E3118B5A623007A3D12 /* HGGSStoreListManagementTests.h */,
				A7244E3218B5A623007A3D12 /* HGGSStoreListManagementTests.m */,
			);
			path = HGGSStoreListTests;
			sourceTree = "<group>";
		};
		A7AD90F718581B6500785342 /* Resources */ = {
			isa = PBXGroup;
			children = (
				A7B808E318935D3700404B39 /* ic_grocery_list.png */,
				A7B808E118935D2800404B39 /* edit aisles.png */,
				A7B808DF18935D1600404B39 /* dropbox.png */,
				A7B808DD18935D0900404B39 /* checkbox.png */,
				A7B808DB18935CF900404B39 /* checkbox-pressed.png */,
				A7B808D918935CE300404B39 /* ic_launcher.png */,
				A7B808D718935CC500404B39 /* checkbox-checked.png */,
			);
			path = Resources;
			sourceTree = "<group>";
		};
		A7C580AE182EE68A00866FAB = {
			isa = PBXGroup;
			children = (
				A76809B318836E4C00B7E2F0 /* WebServiceErrorResponse.html */,
				A7C580C0182EE68A00866FAB /* HoneyGoGroceryShopping */,
				A7C580DF182EE68B00866FAB /* HoneyGoGroceryShoppingTests */,
				A7C580B9182EE68A00866FAB /* Frameworks */,
				A7C580B8182EE68A00866FAB /* Products */,
			);
			sourceTree = "<group>";
		};
		A7C580B8182EE68A00866FAB /* Products */ = {
			isa = PBXGroup;
			children = (
				A7C580B7182EE68A00866FAB /* HoneyGoGroceryShopping.app */,
				A7C580D8182EE68B00866FAB /* HoneyGoGroceryShoppingTests.xctest */,
			);
			name = Products;
			sourceTree = "<group>";
		};
		A7C580B9182EE68A00866FAB /* Frameworks */ = {
			isa = PBXGroup;
			children = (
				A7C58110182EE7AC00866FAB /* libc++.dylib */,
				A7C5810E182EE79400866FAB /* Dropbox.framework */,
				A7C5810C182EE78200866FAB /* CFNetwork.framework */,
				A7C5810A182EE77900866FAB /* Security.framework */,
				A7C58108182EE77100866FAB /* SystemConfiguration.framework */,
				A7C58106182EE76800866FAB /* QuartzCore.framework */,
				A7C580BA182EE68A00866FAB /* Foundation.framework */,
				A7C580BC182EE68A00866FAB /* CoreGraphics.framework */,
				A7C580BE182EE68A00866FAB /* UIKit.framework */,
				A7C580D9182EE68B00866FAB /* XCTest.framework */,
			);
			name = Frameworks;
			sourceTree = "<group>";
		};
		A7C580C0182EE68A00866FAB /* HoneyGoGroceryShopping */ = {
			isa = PBXGroup;
			children = (
				A793709919AACA9600D93F9B /* Images.xcassets */,
				A72F78E3195364DB0061E917 /* Model */,
				A7AD90F718581B6500785342 /* Resources */,
				A7B5A4E31836F1B4006E5822 /* HGGSCommon.h */,
				A7D7AD141835BF99005C41F9 /* Views */,
				A7C5814C182F196100866FAB /* Controllers */,
				A7C58102182EE74D00866FAB /* Store */,
				A7C580C9182EE68A00866FAB /* HGGSAppDelegate.h */,
				A7C580CA182EE68B00866FAB /* HGGSAppDelegate.m */,
				A7C580C1182EE68A00866FAB /* Supporting Files */,
				A793709019AAC1C500D93F9B /* HGGSCommon.m */,
			);
			path = HoneyGoGroceryShopping;
			sourceTree = "<group>";
		};
		A7C580C1182EE68A00866FAB /* Supporting Files */ = {
			isa = PBXGroup;
			children = (
				A7C580C2182EE68A00866FAB /* HoneyGoGroceryShopping-Info.plist */,
				A7C580C3182EE68A00866FAB /* InfoPlist.strings */,
				A7C580C6182EE68A00866FAB /* main.m */,
				A7C580C8182EE68A00866FAB /* HoneyGoGroceryShopping-Prefix.pch */,
			);
			name = "Supporting Files";
			sourceTree = "<group>";
		};
		A7C580DF182EE68B00866FAB /* HoneyGoGroceryShoppingTests */ = {
			isa = PBXGroup;
			children = (
				A7C58130182EEEBA00866FAB /* Models */,
				A7C5813F182EEEBA00866FAB /* Stores */,
				A7C580E5182EE68B00866FAB /* HoneyGoGroceryShoppingTests.m */,
				A7C580E0182EE68B00866FAB /* Supporting Files */,
			);
			path = HoneyGoGroceryShoppingTests;
			sourceTree = "<group>";
		};
		A7C580E0182EE68B00866FAB /* Supporting Files */ = {
			isa = PBXGroup;
			children = (
				A7C580E1182EE68B00866FAB /* HoneyGoGroceryShoppingTests-Info.plist */,
				A7C580E2182EE68B00866FAB /* InfoPlist.strings */,
			);
			name = "Supporting Files";
			sourceTree = "<group>";
		};
		A7C58102182EE74D00866FAB /* Store */ = {
			isa = PBXGroup;
			children = (
				A7C58103182EE74D00866FAB /* HGGSDbGroceryFilesStore.h */,
				A7C58104182EE74D00866FAB /* HGGSDbGroceryFilesStore.m */,
				A76809B5188385AB00B7E2F0 /* HGGSUPCServiceConsumer.h */,
				A76809B6188385AB00B7E2F0 /* HGGSUPCServiceConsumer.m */,
			);
			path = Store;
			sourceTree = "<group>";
		};
		A7C58130182EEEBA00866FAB /* Models */ = {
			isa = PBXGroup;
			children = (
				A79A1E211856A5E3006E8557 /* HGGSStoreListTests */,
				A7C58131182EEEBA00866FAB /* HGGSGroceryItemTests */,
				A7C58136182EEEBA00866FAB /* HGGSGrocerySectionTests */,
				A7C58137182EEEBA00866FAB /* HGGSGroceryStoreManagerTests */,
				A7C5813A182EEEBA00866FAB /* HGGSGroceryStoreTests */,
			);
			path = Models;
			sourceTree = "<group>";
		};
		A7C58131182EEEBA00866FAB /* HGGSGroceryItemTests */ = {
			isa = PBXGroup;
			children = (
				A7C58132182EEEBA00866FAB /* HGGSLoadGroceryItemTests.h */,
				A7C58133182EEEBA00866FAB /* HGGSLoadGroceryItemTests.m */,
				A7C58134182EEEBA00866FAB /* HGGSSaveGroceryItemTests.h */,
				A7C58135182EEEBA00866FAB /* HGGSSaveGroceryItemTests.m */,
			);
			path = HGGSGroceryItemTests;
			sourceTree = "<group>";
		};
		A7C58136182EEEBA00866FAB /* HGGSGrocerySectionTests */ = {
			isa = PBXGroup;
			children = (
				A70E86E91833223800222EFF /* HGGSSaveAisleConfigurationTest.h */,
				A70E86EA1833223800222EFF /* HGGSSaveAisleConfigurationTest.m */,
				A70E86EC183327F100222EFF /* HGGSLoadGrocerySectionTests.h */,
				A70E86ED183327F100222EFF /* HGGSLoadGrocerySectionTests.m */,
				A7DE6F70183F03C20098AE17 /* HGGSFindGrocerySectionsTests.h */,
				A7DE6F71183F03C20098AE17 /* HGGSFindGrocerySectionsTests.m */,
			);
			path = HGGSGrocerySectionTests;
			sourceTree = "<group>";
		};
		A7C58137182EEEBA00866FAB /* HGGSGroceryStoreManagerTests */ = {
			isa = PBXGroup;
			children = (
				A7C58138182EEEBA00866FAB /* HGGSGroceryStoreManagerTests.h */,
				A7C58139182EEEBA00866FAB /* HGGSGroceryStoreManagerTests.m */,
			);
			path = HGGSGroceryStoreManagerTests;
			sourceTree = "<group>";
		};
		A7C5813A182EEEBA00866FAB /* HGGSGroceryStoreTests */ = {
			isa = PBXGroup;
			children = (
				A7C5813B182EEEBA00866FAB /* HGGSLoadGroceryStoreTests.h */,
				A7C5813C182EEEBA00866FAB /* HGGSLoadGroceryStoreTests.m */,
				A7C5813D182EEEBA00866FAB /* HGGSSaveGroceryStoreTests.h */,
				A7C5813E182EEEBA00866FAB /* HGGSSaveGroceryStoreTests.m */,
			);
			path = HGGSGroceryStoreTests;
			sourceTree = "<group>";
		};
		A7C5813F182EEEBA00866FAB /* Stores */ = {
			isa = PBXGroup;
			children = (
				A7C58140182EEEBA00866FAB /* HGGSDbGrocyeryStoreFilesTests.h */,
				A7C58141182EEEBA00866FAB /* HGGSDbGrocyeryStoreFilesTests.m */,
				A76809B81883A0A600B7E2F0 /* HGGSUPCServiceConsumerTests.h */,
				A76809B91883A0A600B7E2F0 /* HGGSUPCServiceConsumerTests.m */,
			);
			path = Stores;
			sourceTree = "<group>";
		};
		A7C5814C182F196100866FAB /* Controllers */ = {
			isa = PBXGroup;
			children = (
				A7AD91011858211100785342 /* HGGSShoppingListViewController.h */,
				A7AD91021858211100785342 /* HGGSShoppingListViewController.m */,
				A7DF0A341830876200E1277A /* HGGSSynchronizeDropboxFilesViewController.h */,
				A7DF0A351830876200E1277A /* HGGSSynchronizeDropboxFilesViewController.m */,
				A7C5814D182F196100866FAB /* HGGSMainViewController.h */,
				A7C5814E182F196100866FAB /* HGGSMainViewController.m */,
				A7C58150182F1F1300866FAB /* HGGSEditStoreViewController.h */,
				A7C58151182F1F1300866FAB /* HGGSEditStoreViewController.m */,
				A7C58153182F31E800866FAB /* HGGSMasterListViewController.h */,
				A7C58154182F31E800866FAB /* HGGSMasterListViewController.m */,
				A7DF0A311830531E00E1277A /* HGGSEditGroceryItemViewController.h */,
				A7DF0A321830531E00E1277A /* HGGSEditGroceryItemViewController.m */,
				A71485891837B1280026BE5E /* HGGSGrocerySectionsViewController.h */,
				A714858A1837B1280026BE5E /* HGGSGrocerySectionsViewController.m */,
				A7EB1D41184D761700198EC6 /* HGGSEditShoppingListViewController.h */,
				A7EB1D42184D761700198EC6 /* HGGSEditShoppingListViewController.m */,
				A733B94F187BA20F0064CEE9 /* HGGSBarCodeScannerViewController.h */,
				A733B950187BA20F0064CEE9 /* HGGSBarCodeScannerViewController.m */,
				A79CAC67188C841200CB3A88 /* HGGSSelectGrocerySectionViewController.h */,
				A79CAC68188C841200CB3A88 /* HGGSSelectGrocerySectionViewController.m */,
				A7E2454618C38A9A00B4C5B9 /* HGGSNewGrocerySectionViewController.h */,
				A7E2454718C38A9A00B4C5B9 /* HGGSNewGrocerySectionViewController.m */,
				A70B1CCC19CA64DA0024D5AF /* HGGSGroceryItemPictureViewController.h */,
				A70B1CCD19CA64DA0024D5AF /* HGGSGroceryItemPictureViewController.m */,
			);
			path = Controllers;
			sourceTree = "<group>";
		};
		A7D7AD141835BF99005C41F9 /* Views */ = {
			isa = PBXGroup;
			children = (
				A7AD90FF18581F4000785342 /* HGGSShoppingItemCell.m */,
				A7AD90FE18581F4000785342 /* HGGSShoppingItemCell.h */,
				A7C580CC182EE68B00866FAB /* Main.storyboard */,
				A7D7AD171835BF99005C41F9 /* HGGSMasterItemCellView.h */,
				A7D7AD181835BF99005C41F9 /* HGGSMasterItemCellView.m */,
				A7EB1D44184D839300198EC6 /* HGGSShoppingItemCellView.h */,
				A7EB1D45184D839300198EC6 /* HGGSShoppingItemCellView.m */,
				A7E2454918C38D9700B4C5B9 /* HGGSAisleHeaderCellView.h */,
				A7E2454A18C38D9700B4C5B9 /* HGGSAisleHeaderCellView.m */,
				A7D1D3731933C3CD0023F270 /* HGGSAlertSharedStoreFileUpdated.h */,
				A7D1D3741933C3CD0023F270 /* HGGSAlertSharedStoreFileUpdated.m */,
			);
			path = Views;
			sourceTree = "<group>";
		};
/* End PBXGroup section */

/* Begin PBXNativeTarget section */
		A7C580B6182EE68A00866FAB /* HoneyGoGroceryShopping */ = {
			isa = PBXNativeTarget;
			buildConfigurationList = A7C580E9182EE68B00866FAB /* Build configuration list for PBXNativeTarget "HoneyGoGroceryShopping" */;
			buildPhases = (
				A7C580B3182EE68A00866FAB /* Sources */,
				A7C580B4182EE68A00866FAB /* Frameworks */,
				A7C580B5182EE68A00866FAB /* Resources */,
			);
			buildRules = (
			);
			dependencies = (
			);
			name = HoneyGoGroceryShopping;
			productName = HoneyGoGroceryShopping;
			productReference = A7C580B7182EE68A00866FAB /* HoneyGoGroceryShopping.app */;
			productType = "com.apple.product-type.application";
		};
		A7C580D7182EE68B00866FAB /* HoneyGoGroceryShoppingTests */ = {
			isa = PBXNativeTarget;
			buildConfigurationList = A7C580EC182EE68B00866FAB /* Build configuration list for PBXNativeTarget "HoneyGoGroceryShoppingTests" */;
			buildPhases = (
				A7C580D4182EE68B00866FAB /* Sources */,
				A7C580D5182EE68B00866FAB /* Frameworks */,
				A7C580D6182EE68B00866FAB /* Resources */,
			);
			buildRules = (
			);
			dependencies = (
				A7C580DE182EE68B00866FAB /* PBXTargetDependency */,
			);
			name = HoneyGoGroceryShoppingTests;
			productName = HoneyGoGroceryShoppingTests;
			productReference = A7C580D8182EE68B00866FAB /* HoneyGoGroceryShoppingTests.xctest */;
			productType = "com.apple.product-type.bundle.unit-test";
		};
/* End PBXNativeTarget section */

/* Begin PBXProject section */
		A7C580AF182EE68A00866FAB /* Project object */ = {
			isa = PBXProject;
			attributes = {
				CLASSPREFIX = HGGS;
				LastUpgradeCheck = 0510;
				ORGANIZATIONNAME = "Ana Muniz";
				TargetAttributes = {
					A7C580B6182EE68A00866FAB = {
						DevelopmentTeam = Q4RSAF233U;
					};
					A7C580D7182EE68B00866FAB = {
						TestTargetID = A7C580B6182EE68A00866FAB;
					};
				};
			};
			buildConfigurationList = A7C580B2182EE68A00866FAB /* Build configuration list for PBXProject "HoneyGoGroceryShopping" */;
			compatibilityVersion = "Xcode 3.2";
			developmentRegion = English;
			hasScannedForEncodings = 0;
			knownRegions = (
				en,
				Base,
			);
			mainGroup = A7C580AE182EE68A00866FAB;
			productRefGroup = A7C580B8182EE68A00866FAB /* Products */;
			projectDirPath = "";
			projectRoot = "";
			targets = (
				A7C580B6182EE68A00866FAB /* HoneyGoGroceryShopping */,
				A7C580D7182EE68B00866FAB /* HoneyGoGroceryShoppingTests */,
			);
		};
/* End PBXProject section */

/* Begin PBXResourcesBuildPhase section */
		A7C580B5182EE68A00866FAB /* Resources */ = {
			isa = PBXResourcesBuildPhase;
			buildActionMask = 2147483647;
			files = (
				A7B808DE18935D0900404B39 /* checkbox.png in Resources */,
				A7B808D818935CC500404B39 /* checkbox-checked.png in Resources */,
				A7B808E418935D3700404B39 /* ic_grocery_list.png in Resources */,
				A76809B418836E4C00B7E2F0 /* WebServiceErrorResponse.html in Resources */,
				A793709A19AACA9600D93F9B /* Images.xcassets in Resources */,
				A7B808E218935D2800404B39 /* edit aisles.png in Resources */,
				A7C580C5182EE68A00866FAB /* InfoPlist.strings in Resources */,
				A7B808E018935D1600404B39 /* dropbox.png in Resources */,
				A7B808DC18935CF900404B39 /* checkbox-pressed.png in Resources */,
				A7C580CE182EE68B00866FAB /* Main.storyboard in Resources */,
				A7B808DA18935CE300404B39 /* ic_launcher.png in Resources */,
			);
			runOnlyForDeploymentPostprocessing = 0;
		};
		A7C580D6182EE68B00866FAB /* Resources */ = {
			isa = PBXResourcesBuildPhase;
			buildActionMask = 2147483647;
			files = (
				A7C580E4182EE68B00866FAB /* InfoPlist.strings in Resources */,
			);
			runOnlyForDeploymentPostprocessing = 0;
		};
/* End PBXResourcesBuildPhase section */

/* Begin PBXSourcesBuildPhase section */
		A7C580B3182EE68A00866FAB /* Sources */ = {
			isa = PBXSourcesBuildPhase;
			buildActionMask = 2147483647;
			files = (
				A7DF0A331830531E00E1277A /* HGGSEditGroceryItemViewController.m in Sources */,
				A72F78F7195364DB0061E917 /* HGGSGroceryAisle.m in Sources */,
				A7D1D3751933C3CD0023F270 /* HGGSAlertSharedStoreFileUpdated.m in Sources */,
				A7C58105182EE74D00866FAB /* HGGSDbGroceryFilesStore.m in Sources */,
				A7C58155182F31E800866FAB /* HGGSMasterListViewController.m in Sources */,
				A714858B1837B1280026BE5E /* HGGSGrocerySectionsViewController.m in Sources */,
				A7C58152182F1F1300866FAB /* HGGSEditStoreViewController.m in Sources */,
				A7E2454B18C38D9700B4C5B9 /* HGGSAisleHeaderCellView.m in Sources */,
				A7AD910018581F4000785342 /* HGGSShoppingItemCell.m in Sources */,
				A7EB1D43184D761700198EC6 /* HGGSEditShoppingListViewController.m in Sources */,
				A72F78F8195364DB0061E917 /* HGGSGroceryItem.m in Sources */,
				A76809B7188385AB00B7E2F0 /* HGGSUPCServiceConsumer.m in Sources */,
				A7DF0A361830876200E1277A /* HGGSSynchronizeDropboxFilesViewController.m in Sources */,
				A72F78F6195364DB0061E917 /* HGGSDate.m in Sources */,
				A72F78FB195364DB0061E917 /* HGGSGroceryStoreManager.m in Sources */,
				A733B951187BA20F0064CEE9 /* HGGSBarCodeScannerViewController.m in Sources */,
				A7C5814F182F196100866FAB /* HGGSMainViewController.m in Sources */,
				A72F78F9195364DB0061E917 /* HGGSGrocerySection.m in Sources */,
				A72F78FC195364DB0061E917 /* HGGSStoreAisles.m in Sources */,
				A7C580C7182EE68A00866FAB /* main.m in Sources */,
				A7E2454818C38A9A00B4C5B9 /* HGGSNewGrocerySectionViewController.m in Sources */,
				A72F78FE195364DB0061E917 /* HGGSStoreList.m in Sources */,
				A793709119AAC1C500D93F9B /* HGGSCommon.m in Sources */,
				A72F78FA195364DB0061E917 /* HGGSGroceryStore.m in Sources */,
				A7C580CB182EE68B00866FAB /* HGGSAppDelegate.m in Sources */,
				A7EB1D46184D839300198EC6 /* HGGSShoppingItemCellView.m in Sources */,
				A70B1CCE19CA64DA0024D5AF /* HGGSGroceryItemPictureViewController.m in Sources */,
				A79CAC69188C841200CB3A88 /* HGGSSelectGrocerySectionViewController.m in Sources */,
				A7D7AD1A1835BF99005C41F9 /* HGGSMasterItemCellView.m in Sources */,
				A7AD91031858211100785342 /* HGGSShoppingListViewController.m in Sources */,
				A72F78FD195364DB0061E917 /* HGGSStoreItems.m in Sources */,
			);
			runOnlyForDeploymentPostprocessing = 0;
		};
		A7C580D4182EE68B00866FAB /* Sources */ = {
			isa = PBXSourcesBuildPhase;
			buildActionMask = 2147483647;
			files = (
				A7244E3318B5A623007A3D12 /* HGGSStoreListManagementTests.m in Sources */,
				A7C58144182EEEBA00866FAB /* HGGSGroceryStoreManagerTests.m in Sources */,
				A7C58146182EEEBA00866FAB /* HGGSSaveGroceryStoreTests.m in Sources */,
				A76809BA1883A0A600B7E2F0 /* HGGSUPCServiceConsumerTests.m in Sources */,
				A79A1E261856A5E3006E8557 /* HGGSLoadStoreListTests.m in Sources */,
				A70E86EB1833223800222EFF /* HGGSSaveAisleConfigurationTest.m in Sources */,
				A7C580E6182EE68B00866FAB /* HoneyGoGroceryShoppingTests.m in Sources */,
				A7C58143182EEEBA00866FAB /* HGGSSaveGroceryItemTests.m in Sources */,
				A7C58145182EEEBA00866FAB /* HGGSLoadGroceryStoreTests.m in Sources */,
				A79A1E271856A5E3006E8557 /* HGGSSaveStoreListTests.m in Sources */,
				A70E86EE183327F100222EFF /* HGGSLoadGrocerySectionTests.m in Sources */,
				A7DE6F72183F03C20098AE17 /* HGGSFindGrocerySectionsTests.m in Sources */,
				A7C58142182EEEBA00866FAB /* HGGSLoadGroceryItemTests.m in Sources */,
				A7C58147182EEEBA00866FAB /* HGGSDbGrocyeryStoreFilesTests.m in Sources */,
			);
			runOnlyForDeploymentPostprocessing = 0;
		};
/* End PBXSourcesBuildPhase section */

/* Begin PBXTargetDependency section */
		A7C580DE182EE68B00866FAB /* PBXTargetDependency */ = {
			isa = PBXTargetDependency;
			target = A7C580B6182EE68A00866FAB /* HoneyGoGroceryShopping */;
			targetProxy = A7C580DD182EE68B00866FAB /* PBXContainerItemProxy */;
		};
/* End PBXTargetDependency section */

/* Begin PBXVariantGroup section */
		A7C580C3182EE68A00866FAB /* InfoPlist.strings */ = {
			isa = PBXVariantGroup;
			children = (
				A7C580C4182EE68A00866FAB /* en */,
			);
			name = InfoPlist.strings;
			sourceTree = "<group>";
		};
		A7C580CC182EE68B00866FAB /* Main.storyboard */ = {
			isa = PBXVariantGroup;
			children = (
				A7C580CD182EE68B00866FAB /* Base */,
			);
			name = Main.storyboard;
			path = ..;
			sourceTree = "<group>";
		};
		A7C580E2182EE68B00866FAB /* InfoPlist.strings */ = {
			isa = PBXVariantGroup;
			children = (
				A7C580E3182EE68B00866FAB /* en */,
			);
			name = InfoPlist.strings;
			sourceTree = "<group>";
		};
/* End PBXVariantGroup section */

/* Begin XCBuildConfiguration section */
		A7C580E7182EE68B00866FAB /* Debug */ = {
			isa = XCBuildConfiguration;
			buildSettings = {
				ALWAYS_SEARCH_USER_PATHS = NO;
				CLANG_CXX_LANGUAGE_STANDARD = "gnu++0x";
				CLANG_CXX_LIBRARY = "libc++";
				CLANG_ENABLE_MODULES = YES;
				CLANG_ENABLE_OBJC_ARC = YES;
				CLANG_WARN_BOOL_CONVERSION = YES;
				CLANG_WARN_CONSTANT_CONVERSION = YES;
				CLANG_WARN_DIRECT_OBJC_ISA_USAGE = YES_ERROR;
				CLANG_WARN_EMPTY_BODY = YES;
				CLANG_WARN_ENUM_CONVERSION = YES;
				CLANG_WARN_INT_CONVERSION = YES;
				CLANG_WARN_OBJC_ROOT_CLASS = YES_ERROR;
				CLANG_WARN__DUPLICATE_METHOD_MATCH = YES;
				"CODE_SIGN_IDENTITY[sdk=iphoneos*]" = "iPhone Developer";
				COPY_PHASE_STRIP = NO;
				GCC_C_LANGUAGE_STANDARD = gnu99;
				GCC_DYNAMIC_NO_PIC = NO;
				GCC_OPTIMIZATION_LEVEL = 0;
				GCC_PREPROCESSOR_DEFINITIONS = (
					"DEBUG=1",
					"$(inherited)",
				);
				GCC_SYMBOLS_PRIVATE_EXTERN = NO;
				GCC_WARN_64_TO_32_BIT_CONVERSION = YES;
				GCC_WARN_ABOUT_RETURN_TYPE = YES_ERROR;
				GCC_WARN_UNDECLARED_SELECTOR = YES;
				GCC_WARN_UNINITIALIZED_AUTOS = YES;
				GCC_WARN_UNUSED_FUNCTION = YES;
				GCC_WARN_UNUSED_VARIABLE = YES;
				IPHONEOS_DEPLOYMENT_TARGET = 7.0;
				ONLY_ACTIVE_ARCH = YES;
				SDKROOT = iphoneos;
			};
			name = Debug;
		};
		A7C580E8182EE68B00866FAB /* Release */ = {
			isa = XCBuildConfiguration;
			buildSettings = {
				ALWAYS_SEARCH_USER_PATHS = NO;
				CLANG_CXX_LANGUAGE_STANDARD = "gnu++0x";
				CLANG_CXX_LIBRARY = "libc++";
				CLANG_ENABLE_MODULES = YES;
				CLANG_ENABLE_OBJC_ARC = YES;
				CLANG_WARN_BOOL_CONVERSION = YES;
				CLANG_WARN_CONSTANT_CONVERSION = YES;
				CLANG_WARN_DIRECT_OBJC_ISA_USAGE = YES_ERROR;
				CLANG_WARN_EMPTY_BODY = YES;
				CLANG_WARN_ENUM_CONVERSION = YES;
				CLANG_WARN_INT_CONVERSION = YES;
				CLANG_WARN_OBJC_ROOT_CLASS = YES_ERROR;
				CLANG_WARN__DUPLICATE_METHOD_MATCH = YES;
				"CODE_SIGN_IDENTITY[sdk=iphoneos*]" = "iPhone Developer";
				COPY_PHASE_STRIP = YES;
				ENABLE_NS_ASSERTIONS = NO;
				GCC_C_LANGUAGE_STANDARD = gnu99;
				GCC_WARN_64_TO_32_BIT_CONVERSION = YES;
				GCC_WARN_ABOUT_RETURN_TYPE = YES_ERROR;
				GCC_WARN_UNDECLARED_SELECTOR = YES;
				GCC_WARN_UNINITIALIZED_AUTOS = YES;
				GCC_WARN_UNUSED_FUNCTION = YES;
				GCC_WARN_UNUSED_VARIABLE = YES;
				IPHONEOS_DEPLOYMENT_TARGET = 7.0;
				SDKROOT = iphoneos;
				VALIDATE_PRODUCT = YES;
			};
			name = Release;
		};
		A7C580EA182EE68B00866FAB /* Debug */ = {
			isa = XCBuildConfiguration;
			buildSettings = {
				ASSETCATALOG_COMPILER_APPICON_NAME = AppIcon;
				ASSETCATALOG_COMPILER_LAUNCHIMAGE_NAME = LaunchImage;
				CODE_SIGN_IDENTITY = "iPhone Developer";
				"CODE_SIGN_IDENTITY[sdk=iphoneos*]" = "iPhone Developer";
				FRAMEWORK_SEARCH_PATHS = (
					"$(inherited)",
					"/Users/anam/iosApps/3rdParty/dropbox-ios-sync-sdk-2.0.1\\ 2",
				);
				GCC_PRECOMPILE_PREFIX_HEADER = YES;
				GCC_PREFIX_HEADER = "HoneyGoGroceryShopping/HoneyGoGroceryShopping-Prefix.pch";
				INFOPLIST_FILE = "HoneyGoGroceryShopping/HoneyGoGroceryShopping-Info.plist";
				IPHONEOS_DEPLOYMENT_TARGET = 7.1;
				PRODUCT_NAME = "$(TARGET_NAME)";
				PROVISIONING_PROFILE = "";
				TARGETED_DEVICE_FAMILY = 1;
				WRAPPER_EXTENSION = app;
			};
			name = Debug;
		};
		A7C580EB182EE68B00866FAB /* Release */ = {
			isa = XCBuildConfiguration;
			buildSettings = {
				ASSETCATALOG_COMPILER_APPICON_NAME = AppIcon;
				ASSETCATALOG_COMPILER_LAUNCHIMAGE_NAME = LaunchImage;
				CODE_SIGN_IDENTITY = "iPhone Developer";
				"CODE_SIGN_IDENTITY[sdk=iphoneos*]" = "iPhone Developer";
				FRAMEWORK_SEARCH_PATHS = (
					"$(inherited)",
					"/Users/anam/iosApps/3rdParty/dropbox-ios-sync-sdk-2.0.1\\ 2",
				);
				GCC_PRECOMPILE_PREFIX_HEADER = YES;
				GCC_PREFIX_HEADER = "HoneyGoGroceryShopping/HoneyGoGroceryShopping-Prefix.pch";
				INFOPLIST_FILE = "HoneyGoGroceryShopping/HoneyGoGroceryShopping-Info.plist";
				IPHONEOS_DEPLOYMENT_TARGET = 7.1;
				PRODUCT_NAME = "$(TARGET_NAME)";
				PROVISIONING_PROFILE = "";
				TARGETED_DEVICE_FAMILY = 1;
				WRAPPER_EXTENSION = app;
			};
			name = Release;
		};
		A7C580ED182EE68B00866FAB /* Debug */ = {
			isa = XCBuildConfiguration;
			buildSettings = {
				BUNDLE_LOADER = "$(BUILT_PRODUCTS_DIR)/HoneyGoGroceryShopping.app/HoneyGoGroceryShopping";
				FRAMEWORK_SEARCH_PATHS = (
					"$(SDKROOT)/Developer/Library/Frameworks",
					"$(inherited)",
					"$(DEVELOPER_FRAMEWORKS_DIR)",
				);
				"FRAMEWORK_SEARCH_PATHS[arch=*]" = (
					"$(SDKROOT)/Developer/Library/Frameworks",
					"$(inherited)",
					"$(DEVELOPER_FRAMEWORKS_DIR)",
					"/Users/anam/iosApps/3rdParty/dropbox-ios-sync-sdk-2.0.1\\ 2",
				);
				GCC_PRECOMPILE_PREFIX_HEADER = YES;
				GCC_PREFIX_HEADER = "HoneyGoGroceryShopping/HoneyGoGroceryShopping-Prefix.pch";
				GCC_PREPROCESSOR_DEFINITIONS = (
					"DEBUG=1",
					"$(inherited)",
				);
				INFOPLIST_FILE = "HoneyGoGroceryShoppingTests/HoneyGoGroceryShoppingTests-Info.plist";
				IPHONEOS_DEPLOYMENT_TARGET = 7.1;
				PRODUCT_NAME = "$(TARGET_NAME)";
				TEST_HOST = "$(BUNDLE_LOADER)";
				WRAPPER_EXTENSION = xctest;
			};
			name = Debug;
		};
		A7C580EE182EE68B00866FAB /* Release */ = {
			isa = XCBuildConfiguration;
			buildSettings = {
				BUNDLE_LOADER = "$(BUILT_PRODUCTS_DIR)/HoneyGoGroceryShopping.app/HoneyGoGroceryShopping";
				FRAMEWORK_SEARCH_PATHS = (
					"$(SDKROOT)/Developer/Library/Frameworks",
					"$(inherited)",
					"$(DEVELOPER_FRAMEWORKS_DIR)",
					"/Users/anam/iosApps/3rdParty/dropbox-ios-sync-sdk-2.0.1\\ 2",
				);
				GCC_PRECOMPILE_PREFIX_HEADER = YES;
				GCC_PREFIX_HEADER = "HoneyGoGroceryShopping/HoneyGoGroceryShopping-Prefix.pch";
				INFOPLIST_FILE = "HoneyGoGroceryShoppingTests/HoneyGoGroceryShoppingTests-Info.plist";
				IPHONEOS_DEPLOYMENT_TARGET = 7.1;
				PRODUCT_NAME = "$(TARGET_NAME)";
				TEST_HOST = "$(BUNDLE_LOADER)";
				WRAPPER_EXTENSION = xctest;
			};
			name = Release;
		};
/* End XCBuildConfiguration section */

/* Begin XCConfigurationList section */
		A7C580B2182EE68A00866FAB /* Build configuration list for PBXProject "HoneyGoGroceryShopping" */ = {
			isa = XCConfigurationList;
			buildConfigurations = (
				A7C580E7182EE68B00866FAB /* Debug */,
				A7C580E8182EE68B00866FAB /* Release */,
			);
			defaultConfigurationIsVisible = 0;
			defaultConfigurationName = Release;
		};
		A7C580E9182EE68B00866FAB /* Build configuration list for PBXNativeTarget "HoneyGoGroceryShopping" */ = {
			isa = XCConfigurationList;
			buildConfigurations = (
				A7C580EA182EE68B00866FAB /* Debug */,
				A7C580EB182EE68B00866FAB /* Release */,
			);
			defaultConfigurationIsVisible = 0;
			defaultConfigurationName = Release;
		};
		A7C580EC182EE68B00866FAB /* Build configuration list for PBXNativeTarget "HoneyGoGroceryShoppingTests" */ = {
			isa = XCConfigurationList;
			buildConfigurations = (
				A7C580ED182EE68B00866FAB /* Debug */,
				A7C580EE182EE68B00866FAB /* Release */,
			);
			defaultConfigurationIsVisible = 0;
			defaultConfigurationName = Release;
		};
/* End XCConfigurationList section */
	};
	rootObject = A7C580AF182EE68A00866FAB /* Project object */;
}
